
Microsoft Visual Studio Solution File, Format Version 12.00
# Visual Studio Version 16
VisualStudioVersion = 16.0.30907.101
MinimumVisualStudioVersion = 15.0.26124.0
Project("{9A19103F-16F7-4668-BE54-9A1E7A4F7556}") = "Cognito.Cdk", "Cognito.Cdk\Cognito.Cdk.csproj", "{653054EC-FCBC-4211-B1C8-15522FC17526}"
EndProject
Project("{2150E333-8FDC-42A3-9474-1A3956D46DE8}") = "Solution Items", "Solution Items", "{DF747DC2-CAFA-4BFA-8577-B83413775FF6}"
	ProjectSection(SolutionItems) = preProject
		..\azure-pipelines.yml = ..\azure-pipelines.yml
		..\cdk.json = ..\cdk.json
		..\README.md = ..\README.md
	EndProjectSection
EndProject
Project("{2150E333-8FDC-42A3-9474-1A3956D46DE8}") = "DefineAuthChallenge", "DefineAuthChallenge", "{0C99D4BC-C422-4898-B5DD-A55874F7958B}"
EndProject
Project("{2150E333-8FDC-42A3-9474-1A3956D46DE8}") = "CreateAuthChallenge", "CreateAuthChallenge", "{581D595E-C0A4-4DBD-846F-E6B464BB0CFA}"
EndProject
Project("{2150E333-8FDC-42A3-9474-1A3956D46DE8}") = "VerifyAuthChallenge", "VerifyAuthChallenge", "{B234D0EC-AB09-4243-94FF-1646C8EA9606}"
EndProject
Project("{2150E333-8FDC-42A3-9474-1A3956D46DE8}") = "PreSignUp", "PreSignUp", "{6098BE50-B968-4952-B017-07D149B60E04}"
EndProject
Project("{2150E333-8FDC-42A3-9474-1A3956D46DE8}") = "Functions", "Functions", "{ABE72D9B-E7B0-4635-BBCA-44E665A5EA55}"
EndProject
Project("{2150E333-8FDC-42A3-9474-1A3956D46DE8}") = "Core", "Core", "{44544C14-C1B6-40FA-84AB-82D7F331F8C1}"
EndProject
Project("{9A19103F-16F7-4668-BE54-9A1E7A4F7556}") = "CreateAuthChallenge", "..\Functions\CreateAuthChallenge\src\CreateAuthChallenge\CreateAuthChallenge.csproj", "{5C7F3975-E904-4A28-A108-C560E23ADB06}"
EndProject
Project("{9A19103F-16F7-4668-BE54-9A1E7A4F7556}") = "CreateAuthChallenge.Tests", "..\Functions\CreateAuthChallenge\test\CreateAuthChallenge.Tests\CreateAuthChallenge.Tests.csproj", "{99657EA2-86CB-4456-9B50-0BE89EF157AB}"
EndProject
Project("{9A19103F-16F7-4668-BE54-9A1E7A4F7556}") = "DefineAuthChallenge", "..\Functions\DefineAuthChallenge\src\DefineAuthChallenge\DefineAuthChallenge.csproj", "{C2CF92DF-1C13-4565-BB58-140F5D5B5142}"
EndProject
Project("{9A19103F-16F7-4668-BE54-9A1E7A4F7556}") = "DefineAuthChallenge.Tests", "..\Functions\DefineAuthChallenge\test\DefineAuthChallenge.Tests\DefineAuthChallenge.Tests.csproj", "{59952948-7876-4407-A939-E0F32D369455}"
EndProject
Project("{9A19103F-16F7-4668-BE54-9A1E7A4F7556}") = "PreSignUp", "..\Functions\PreSignUp\src\PreSignUp\PreSignUp.csproj", "{6B6B7744-94AE-4285-BA7C-42A81357428A}"
EndProject
Project("{9A19103F-16F7-4668-BE54-9A1E7A4F7556}") = "PreSignUp.Tests", "..\Functions\PreSignUp\test\PreSignUp.Tests\PreSignUp.Tests.csproj", "{E15775AB-1B15-4631-BFF9-63EE62B072B7}"
EndProject
Project("{9A19103F-16F7-4668-BE54-9A1E7A4F7556}") = "VerifyAuthChallenge", "..\Functions\VerifyAuthChallenge\src\VerifyAuthChallenge\VerifyAuthChallenge.csproj", "{B26BC4A4-EBBA-48E5-9642-8F19948BE244}"
EndProject
Project("{9A19103F-16F7-4668-BE54-9A1E7A4F7556}") = "VerifyAuthChallenge.Tests", "..\Functions\VerifyAuthChallenge\test\VerifyAuthChallenge.Tests\VerifyAuthChallenge.Tests.csproj", "{51179107-D2EB-45A4-B02B-01396442DFA0}"
EndProject
Project("{9A19103F-16F7-4668-BE54-9A1E7A4F7556}") = "Functions.Core", "..\Functions\Functions.Core\Functions.Core.csproj", "{0592D398-5560-4FFD-BF13-5617D530079F}"
EndProject
Global
	GlobalSection(SolutionConfigurationPlatforms) = preSolution
		Debug|Any CPU = Debug|Any CPU
		Debug|x64 = Debug|x64
		Debug|x86 = Debug|x86
		Release|Any CPU = Release|Any CPU
		Release|x64 = Release|x64
		Release|x86 = Release|x86
	EndGlobalSection
	GlobalSection(ProjectConfigurationPlatforms) = postSolution
		{653054EC-FCBC-4211-B1C8-15522FC17526}.Debug|Any CPU.ActiveCfg = Debug|Any CPU
		{653054EC-FCBC-4211-B1C8-15522FC17526}.Debug|Any CPU.Build.0 = Debug|Any CPU
		{653054EC-FCBC-4211-B1C8-15522FC17526}.Debug|x64.ActiveCfg = Debug|Any CPU
		{653054EC-FCBC-4211-B1C8-15522FC17526}.Debug|x64.Build.0 = Debug|Any CPU
		{653054EC-FCBC-4211-B1C8-15522FC17526}.Debug|x86.ActiveCfg = Debug|Any CPU
		{653054EC-FCBC-4211-B1C8-15522FC17526}.Debug|x86.Build.0 = Debug|Any CPU
		{653054EC-FCBC-4211-B1C8-15522FC17526}.Release|Any CPU.ActiveCfg = Release|Any CPU
		{653054EC-FCBC-4211-B1C8-15522FC17526}.Release|Any CPU.Build.0 = Release|Any CPU
		{653054EC-FCBC-4211-B1C8-15522FC17526}.Release|x64.ActiveCfg = Release|Any CPU
		{653054EC-FCBC-4211-B1C8-15522FC17526}.Release|x64.Build.0 = Release|Any CPU
		{653054EC-FCBC-4211-B1C8-15522FC17526}.Release|x86.ActiveCfg = Release|Any CPU
		{653054EC-FCBC-4211-B1C8-15522FC17526}.Release|x86.Build.0 = Release|Any CPU
		{5C7F3975-E904-4A28-A108-C560E23ADB06}.Debug|Any CPU.ActiveCfg = Debug|Any CPU
		{5C7F3975-E904-4A28-A108-C560E23ADB06}.Debug|Any CPU.Build.0 = Debug|Any CPU
		{5C7F3975-E904-4A28-A108-C560E23ADB06}.Debug|x64.ActiveCfg = Debug|Any CPU
		{5C7F3975-E904-4A28-A108-C560E23ADB06}.Debug|x64.Build.0 = Debug|Any CPU
		{5C7F3975-E904-4A28-A108-C560E23ADB06}.Debug|x86.ActiveCfg = Debug|Any CPU
		{5C7F3975-E904-4A28-A108-C560E23ADB06}.Debug|x86.Build.0 = Debug|Any CPU
		{5C7F3975-E904-4A28-A108-C560E23ADB06}.Release|Any CPU.ActiveCfg = Release|Any CPU
		{5C7F3975-E904-4A28-A108-C560E23ADB06}.Release|Any CPU.Build.0 = Release|Any CPU
		{5C7F3975-E904-4A28-A108-C560E23ADB06}.Release|x64.ActiveCfg = Release|Any CPU
		{5C7F3975-E904-4A28-A108-C560E23ADB06}.Release|x64.Build.0 = Release|Any CPU
		{5C7F3975-E904-4A28-A108-C560E23ADB06}.Release|x86.ActiveCfg = Release|Any CPU
		{5C7F3975-E904-4A28-A108-C560E23ADB06}.Release|x86.Build.0 = Release|Any CPU
		{99657EA2-86CB-4456-9B50-0BE89EF157AB}.Debug|Any CPU.ActiveCfg = Debug|Any CPU
		{99657EA2-86CB-4456-9B50-0BE89EF157AB}.Debug|Any CPU.Build.0 = Debug|Any CPU
		{99657EA2-86CB-4456-9B50-0BE89EF157AB}.Debug|x64.ActiveCfg = Debug|Any CPU
		{99657EA2-86CB-4456-9B50-0BE89EF157AB}.Debug|x64.Build.0 = Debug|Any CPU
		{99657EA2-86CB-4456-9B50-0BE89EF157AB}.Debug|x86.ActiveCfg = Debug|Any CPU
		{99657EA2-86CB-4456-9B50-0BE89EF157AB}.Debug|x86.Build.0 = Debug|Any CPU
		{99657EA2-86CB-4456-9B50-0BE89EF157AB}.Release|Any CPU.ActiveCfg = Release|Any CPU
		{99657EA2-86CB-4456-9B50-0BE89EF157AB}.Release|Any CPU.Build.0 = Release|Any CPU
		{99657EA2-86CB-4456-9B50-0BE89EF157AB}.Release|x64.ActiveCfg = Release|Any CPU
		{99657EA2-86CB-4456-9B50-0BE89EF157AB}.Release|x64.Build.0 = Release|Any CPU
		{99657EA2-86CB-4456-9B50-0BE89EF157AB}.Release|x86.ActiveCfg = Release|Any CPU
		{99657EA2-86CB-4456-9B50-0BE89EF157AB}.Release|x86.Build.0 = Release|Any CPU
		{C2CF92DF-1C13-4565-BB58-140F5D5B5142}.Debug|Any CPU.ActiveCfg = Debug|Any CPU
		{C2CF92DF-1C13-4565-BB58-140F5D5B5142}.Debug|Any CPU.Build.0 = Debug|Any CPU
		{C2CF92DF-1C13-4565-BB58-140F5D5B5142}.Debug|x64.ActiveCfg = Debug|Any CPU
		{C2CF92DF-1C13-4565-BB58-140F5D5B5142}.Debug|x64.Build.0 = Debug|Any CPU
		{C2CF92DF-1C13-4565-BB58-140F5D5B5142}.Debug|x86.ActiveCfg = Debug|Any CPU
		{C2CF92DF-1C13-4565-BB58-140F5D5B5142}.Debug|x86.Build.0 = Debug|Any CPU
		{C2CF92DF-1C13-4565-BB58-140F5D5B5142}.Release|Any CPU.ActiveCfg = Release|Any CPU
		{C2CF92DF-1C13-4565-BB58-140F5D5B5142}.Release|Any CPU.Build.0 = Release|Any CPU
		{C2CF92DF-1C13-4565-BB58-140F5D5B5142}.Release|x64.ActiveCfg = Release|Any CPU
		{C2CF92DF-1C13-4565-BB58-140F5D5B5142}.Release|x64.Build.0 = Release|Any CPU
		{C2CF92DF-1C13-4565-BB58-140F5D5B5142}.Release|x86.ActiveCfg = Release|Any CPU
		{C2CF92DF-1C13-4565-BB58-140F5D5B5142}.Release|x86.Build.0 = Release|Any CPU
		{59952948-7876-4407-A939-E0F32D369455}.Debug|Any CPU.ActiveCfg = Debug|Any CPU
		{59952948-7876-4407-A939-E0F32D369455}.Debug|Any CPU.Build.0 = Debug|Any CPU
		{59952948-7876-4407-A939-E0F32D369455}.Debug|x64.ActiveCfg = Debug|Any CPU
		{59952948-7876-4407-A939-E0F32D369455}.Debug|x64.Build.0 = Debug|Any CPU
		{59952948-7876-4407-A939-E0F32D369455}.Debug|x86.ActiveCfg = Debug|Any CPU
		{59952948-7876-4407-A939-E0F32D369455}.Debug|x86.Build.0 = Debug|Any CPU
		{59952948-7876-4407-A939-E0F32D369455}.Release|Any CPU.ActiveCfg = Release|Any CPU
		{59952948-7876-4407-A939-E0F32D369455}.Release|Any CPU.Build.0 = Release|Any CPU
		{59952948-7876-4407-A939-E0F32D369455}.Release|x64.ActiveCfg = Release|Any CPU
		{59952948-7876-4407-A939-E0F32D369455}.Release|x64.Build.0 = Release|Any CPU
		{59952948-7876-4407-A939-E0F32D369455}.Release|x86.ActiveCfg = Release|Any CPU
		{59952948-7876-4407-A939-E0F32D369455}.Release|x86.Build.0 = Release|Any CPU
		{6B6B7744-94AE-4285-BA7C-42A81357428A}.Debug|Any CPU.ActiveCfg = Debug|Any CPU
		{6B6B7744-94AE-4285-BA7C-42A81357428A}.Debug|Any CPU.Build.0 = Debug|Any CPU
		{6B6B7744-94AE-4285-BA7C-42A81357428A}.Debug|x64.ActiveCfg = Debug|Any CPU
		{6B6B7744-94AE-4285-BA7C-42A81357428A}.Debug|x64.Build.0 = Debug|Any CPU
		{6B6B7744-94AE-4285-BA7C-42A81357428A}.Debug|x86.ActiveCfg = Debug|Any CPU
		{6B6B7744-94AE-4285-BA7C-42A81357428A}.Debug|x86.Build.0 = Debug|Any CPU
		{6B6B7744-94AE-4285-BA7C-42A81357428A}.Release|Any CPU.ActiveCfg = Release|Any CPU
		{6B6B7744-94AE-4285-BA7C-42A81357428A}.Release|Any CPU.Build.0 = Release|Any CPU
		{6B6B7744-94AE-4285-BA7C-42A81357428A}.Release|x64.ActiveCfg = Release|Any CPU
		{6B6B7744-94AE-4285-BA7C-42A81357428A}.Release|x64.Build.0 = Release|Any CPU
		{6B6B7744-94AE-4285-BA7C-42A81357428A}.Release|x86.ActiveCfg = Release|Any CPU
		{6B6B7744-94AE-4285-BA7C-42A81357428A}.Release|x86.Build.0 = Release|Any CPU
		{E15775AB-1B15-4631-BFF9-63EE62B072B7}.Debug|Any CPU.ActiveCfg = Debug|Any CPU
		{E15775AB-1B15-4631-BFF9-63EE62B072B7}.Debug|Any CPU.Build.0 = Debug|Any CPU
		{E15775AB-1B15-4631-BFF9-63EE62B072B7}.Debug|x64.ActiveCfg = Debug|Any CPU
		{E15775AB-1B15-4631-BFF9-63EE62B072B7}.Debug|x64.Build.0 = Debug|Any CPU
		{E15775AB-1B15-4631-BFF9-63EE62B072B7}.Debug|x86.ActiveCfg = Debug|Any CPU
		{E15775AB-1B15-4631-BFF9-63EE62B072B7}.Debug|x86.Build.0 = Debug|Any CPU
		{E15775AB-1B15-4631-BFF9-63EE62B072B7}.Release|Any CPU.ActiveCfg = Release|Any CPU
		{E15775AB-1B15-4631-BFF9-63EE62B072B7}.Release|Any CPU.Build.0 = Release|Any CPU
		{E15775AB-1B15-4631-BFF9-63EE62B072B7}.Release|x64.ActiveCfg = Release|Any CPU
		{E15775AB-1B15-4631-BFF9-63EE62B072B7}.Release|x64.Build.0 = Release|Any CPU
		{E15775AB-1B15-4631-BFF9-63EE62B072B7}.Release|x86.ActiveCfg = Release|Any CPU
		{E15775AB-1B15-4631-BFF9-63EE62B072B7}.Release|x86.Build.0 = Release|Any CPU
		{B26BC4A4-EBBA-48E5-9642-8F19948BE244}.Debug|Any CPU.ActiveCfg = Debug|Any CPU
		{B26BC4A4-EBBA-48E5-9642-8F19948BE244}.Debug|Any CPU.Build.0 = Debug|Any CPU
		{B26BC4A4-EBBA-48E5-9642-8F19948BE244}.Debug|x64.ActiveCfg = Debug|Any CPU
		{B26BC4A4-EBBA-48E5-9642-8F19948BE244}.Debug|x64.Build.0 = Debug|Any CPU
		{B26BC4A4-EBBA-48E5-9642-8F19948BE244}.Debug|x86.ActiveCfg = Debug|Any CPU
		{B26BC4A4-EBBA-48E5-9642-8F19948BE244}.Debug|x86.Build.0 = Debug|Any CPU
		{B26BC4A4-EBBA-48E5-9642-8F19948BE244}.Release|Any CPU.ActiveCfg = Release|Any CPU
		{B26BC4A4-EBBA-48E5-9642-8F19948BE244}.Release|Any CPU.Build.0 = Release|Any CPU
		{B26BC4A4-EBBA-48E5-9642-8F19948BE244}.Release|x64.ActiveCfg = Release|Any CPU
		{B26BC4A4-EBBA-48E5-9642-8F19948BE244}.Release|x64.Build.0 = Release|Any CPU
		{B26BC4A4-EBBA-48E5-9642-8F19948BE244}.Release|x86.ActiveCfg = Release|Any CPU
		{B26BC4A4-EBBA-48E5-9642-8F19948BE244}.Release|x86.Build.0 = Release|Any CPU
		{51179107-D2EB-45A4-B02B-01396442DFA0}.Debug|Any CPU.ActiveCfg = Debug|Any CPU
		{51179107-D2EB-45A4-B02B-01396442DFA0}.Debug|Any CPU.Build.0 = Debug|Any CPU
		{51179107-D2EB-45A4-B02B-01396442DFA0}.Debug|x64.ActiveCfg = Debug|Any CPU
		{51179107-D2EB-45A4-B02B-01396442DFA0}.Debug|x64.Build.0 = Debug|Any CPU
		{51179107-D2EB-45A4-B02B-01396442DFA0}.Debug|x86.ActiveCfg = Debug|Any CPU
		{51179107-D2EB-45A4-B02B-01396442DFA0}.Debug|x86.Build.0 = Debug|Any CPU
		{51179107-D2EB-45A4-B02B-01396442DFA0}.Release|Any CPU.ActiveCfg = Release|Any CPU
		{51179107-D2EB-45A4-B02B-01396442DFA0}.Release|Any CPU.Build.0 = Release|Any CPU
		{51179107-D2EB-45A4-B02B-01396442DFA0}.Release|x64.ActiveCfg = Release|Any CPU
		{51179107-D2EB-45A4-B02B-01396442DFA0}.Release|x64.Build.0 = Release|Any CPU
		{51179107-D2EB-45A4-B02B-01396442DFA0}.Release|x86.ActiveCfg = Release|Any CPU
		{51179107-D2EB-45A4-B02B-01396442DFA0}.Release|x86.Build.0 = Release|Any CPU
		{0592D398-5560-4FFD-BF13-5617D530079F}.Debug|Any CPU.ActiveCfg = Debug|Any CPU
		{0592D398-5560-4FFD-BF13-5617D530079F}.Debug|Any CPU.Build.0 = Debug|Any CPU
		{0592D398-5560-4FFD-BF13-5617D530079F}.Debug|x64.ActiveCfg = Debug|Any CPU
		{0592D398-5560-4FFD-BF13-5617D530079F}.Debug|x64.Build.0 = Debug|Any CPU
		{0592D398-5560-4FFD-BF13-5617D530079F}.Debug|x86.ActiveCfg = Debug|Any CPU
		{0592D398-5560-4FFD-BF13-5617D530079F}.Debug|x86.Build.0 = Debug|Any CPU
		{0592D398-5560-4FFD-BF13-5617D530079F}.Release|Any CPU.ActiveCfg = Release|Any CPU
		{0592D398-5560-4FFD-BF13-5617D530079F}.Release|Any CPU.Build.0 = Release|Any CPU
		{0592D398-5560-4FFD-BF13-5617D530079F}.Release|x64.ActiveCfg = Release|Any CPU
		{0592D398-5560-4FFD-BF13-5617D530079F}.Release|x64.Build.0 = Release|Any CPU
		{0592D398-5560-4FFD-BF13-5617D530079F}.Release|x86.ActiveCfg = Release|Any CPU
		{0592D398-5560-4FFD-BF13-5617D530079F}.Release|x86.Build.0 = Release|Any CPU
	EndGlobalSection
	GlobalSection(SolutionProperties) = preSolution
		HideSolutionNode = FALSE
	EndGlobalSection
	GlobalSection(NestedProjects) = preSolution
		{0C99D4BC-C422-4898-B5DD-A55874F7958B} = {ABE72D9B-E7B0-4635-BBCA-44E665A5EA55}
		{581D595E-C0A4-4DBD-846F-E6B464BB0CFA} = {ABE72D9B-E7B0-4635-BBCA-44E665A5EA55}
		{B234D0EC-AB09-4243-94FF-1646C8EA9606} = {ABE72D9B-E7B0-4635-BBCA-44E665A5EA55}
		{6098BE50-B968-4952-B017-07D149B60E04} = {ABE72D9B-E7B0-4635-BBCA-44E665A5EA55}
		{44544C14-C1B6-40FA-84AB-82D7F331F8C1} = {ABE72D9B-E7B0-4635-BBCA-44E665A5EA55}
		{5C7F3975-E904-4A28-A108-C560E23ADB06} = {581D595E-C0A4-4DBD-846F-E6B464BB0CFA}
		{99657EA2-86CB-4456-9B50-0BE89EF157AB} = {581D595E-C0A4-4DBD-846F-E6B464BB0CFA}
		{C2CF92DF-1C13-4565-BB58-140F5D5B5142} = {0C99D4BC-C422-4898-B5DD-A55874F7958B}
		{59952948-7876-4407-A939-E0F32D369455} = {0C99D4BC-C422-4898-B5DD-A55874F7958B}
		{6B6B7744-94AE-4285-BA7C-42A81357428A} = {6098BE50-B968-4952-B017-07D149B60E04}
		{E15775AB-1B15-4631-BFF9-63EE62B072B7} = {6098BE50-B968-4952-B017-07D149B60E04}
		{B26BC4A4-EBBA-48E5-9642-8F19948BE244} = {B234D0EC-AB09-4243-94FF-1646C8EA9606}
		{51179107-D2EB-45A4-B02B-01396442DFA0} = {B234D0EC-AB09-4243-94FF-1646C8EA9606}
		{0592D398-5560-4FFD-BF13-5617D530079F} = {44544C14-C1B6-40FA-84AB-82D7F331F8C1}
	EndGlobalSection
	GlobalSection(ExtensibilityGlobals) = postSolution
		SolutionGuid = {A211976F-FED9-430D-A3D2-1E1307DF5CB7}
	EndGlobalSection
EndGlobal
